
Microsoft Visual Studio Solution File, Format Version 12.00
# Visual Studio Version 16
VisualStudioVersion = 16.0.31005.135
MinimumVisualStudioVersion = 10.0.40219.1
Project("{FAE04EC0-301F-11D3-BF4B-00C04F79EFBC}") = "BbLinq", "BbLinq\BbLinq.csproj", "{4F89F7D1-2B09-4B7E-9B35-8FD8E4183F73}"
EndProject
Project("{FAE04EC0-301F-11D3-BF4B-00C04F79EFBC}") = "ConsoleApp", "Console\ConsoleApp.csproj", "{26E5E3AB-8CE5-44B4-BF26-587B0A6E1DBF}"
EndProject
Project("{FAE04EC0-301F-11D3-BF4B-00C04F79EFBC}") = "Tests", "Tests\Tests.csproj", "{B878EAD0-EC43-42D7-B89F-B6BE80918684}"
EndProject
Project("{2150E333-8FDC-42A3-9474-1A3956D46DE8}") = "Solution Items", "Solution Items", "{F280EE1C-F35F-438E-854D-929D2B668850}"
	ProjectSection(SolutionItems) = preProject
		README.md = README.md
	EndProjectSection
EndProject
Global
	GlobalSection(SolutionConfigurationPlatforms) = preSolution
		Debug|Any CPU = Debug|Any CPU
		Release|Any CPU = Release|Any CPU
	EndGlobalSection
	GlobalSection(ProjectConfigurationPlatforms) = postSolution
		{4F89F7D1-2B09-4B7E-9B35-8FD8E4183F73}.Debug|Any CPU.ActiveCfg = Debug|Any CPU
		{4F89F7D1-2B09-4B7E-9B35-8FD8E4183F73}.Debug|Any CPU.Build.0 = Debug|Any CPU
		{4F89F7D1-2B09-4B7E-9B35-8FD8E4183F73}.Release|Any CPU.ActiveCfg = Release|Any CPU
		{4F89F7D1-2B09-4B7E-9B35-8FD8E4183F73}.Release|Any CPU.Build.0 = Release|Any CPU
		{26E5E3AB-8CE5-44B4-BF26-587B0A6E1DBF}.Debug|Any CPU.ActiveCfg = Debug|Any CPU
		{26E5E3AB-8CE5-44B4-BF26-587B0A6E1DBF}.Debug|Any CPU.Build.0 = Debug|Any CPU
		{26E5E3AB-8CE5-44B4-BF26-587B0A6E1DBF}.Release|Any CPU.ActiveCfg = Release|Any CPU
		{26E5E3AB-8CE5-44B4-BF26-587B0A6E1DBF}.Release|Any CPU.Build.0 = Release|Any CPU
		{B878EAD0-EC43-42D7-B89F-B6BE80918684}.Debug|Any CPU.ActiveCfg = Debug|Any CPU
		{B878EAD0-EC43-42D7-B89F-B6BE80918684}.Debug|Any CPU.Build.0 = Debug|Any CPU
		{B878EAD0-EC43-42D7-B89F-B6BE80918684}.Release|Any CPU.ActiveCfg = Release|Any CPU
		{B878EAD0-EC43-42D7-B89F-B6BE80918684}.Release|Any CPU.Build.0 = Release|Any CPU
	EndGlobalSection
	GlobalSection(SolutionProperties) = preSolution
		HideSolutionNode = FALSE
	EndGlobalSection
	GlobalSection(ExtensibilityGlobals) = postSolution
		SolutionGuid = {26C3354C-A35F-454A-AD38-CB81FD6E2156}
	EndGlobalSection
EndGlobal
