
Microsoft Visual Studio Solution File, Format Version 12.00
# Visual Studio Version 16
VisualStudioVersion = 16.0.30523.141
MinimumVisualStudioVersion = 10.0.40219.1
Project("{9A19103F-16F7-4668-BE54-9A1E7A4F7556}") = "BBLinq", "BBLinq\BBLinq.csproj", "{990D156D-AEE7-4DAD-955E-82F9AA8BB861}"
EndProject
Project("{FAE04EC0-301F-11D3-BF4B-00C04F79EFBC}") = "RailwayApp", "RailwayApp\RailwayApp.csproj", "{84757D26-D8FC-4729-B515-1D47B7918AFE}"
EndProject
Project("{2150E333-8FDC-42A3-9474-1A3956D46DE8}") = "App", "App", "{37D3C9CE-B4C9-4792-9648-A8C816BAAB58}"
EndProject
Project("{FAE04EC0-301F-11D3-BF4B-00C04F79EFBC}") = "Data", "Data\Data.csproj", "{49A4A7F2-8D51-4F05-8634-302CC6D3170A}"
EndProject
Project("{FAE04EC0-301F-11D3-BF4B-00C04F79EFBC}") = "DataAccess", "DataAccess\DataAccess.csproj", "{6091A778-A5F2-4BBC-BE77-E67BB8EC5D05}"
EndProject
Project("{FAE04EC0-301F-11D3-BF4B-00C04F79EFBC}") = "Business", "Business\Business.csproj", "{6AAC2E59-42A9-4294-861D-00069CC3264E}"
EndProject
Project("{FAE04EC0-301F-11D3-BF4B-00C04F79EFBC}") = "ConsoleApp", "ConsoleApp\ConsoleApp.csproj", "{33F4993A-895A-498B-9BF8-F572BB49807A}"
EndProject
Global
	GlobalSection(SolutionConfigurationPlatforms) = preSolution
		Debug|Any CPU = Debug|Any CPU
		Debug|x64 = Debug|x64
		Debug|x86 = Debug|x86
		Release|Any CPU = Release|Any CPU
		Release|x64 = Release|x64
		Release|x86 = Release|x86
	EndGlobalSection
	GlobalSection(ProjectConfigurationPlatforms) = postSolution
		{990D156D-AEE7-4DAD-955E-82F9AA8BB861}.Debug|Any CPU.ActiveCfg = Debug|Any CPU
		{990D156D-AEE7-4DAD-955E-82F9AA8BB861}.Debug|Any CPU.Build.0 = Debug|Any CPU
		{990D156D-AEE7-4DAD-955E-82F9AA8BB861}.Debug|x64.ActiveCfg = Debug|Any CPU
		{990D156D-AEE7-4DAD-955E-82F9AA8BB861}.Debug|x64.Build.0 = Debug|Any CPU
		{990D156D-AEE7-4DAD-955E-82F9AA8BB861}.Debug|x86.ActiveCfg = Debug|Any CPU
		{990D156D-AEE7-4DAD-955E-82F9AA8BB861}.Debug|x86.Build.0 = Debug|Any CPU
		{990D156D-AEE7-4DAD-955E-82F9AA8BB861}.Release|Any CPU.ActiveCfg = Release|Any CPU
		{990D156D-AEE7-4DAD-955E-82F9AA8BB861}.Release|Any CPU.Build.0 = Release|Any CPU
		{990D156D-AEE7-4DAD-955E-82F9AA8BB861}.Release|x64.ActiveCfg = Release|Any CPU
		{990D156D-AEE7-4DAD-955E-82F9AA8BB861}.Release|x64.Build.0 = Release|Any CPU
		{990D156D-AEE7-4DAD-955E-82F9AA8BB861}.Release|x86.ActiveCfg = Release|Any CPU
		{990D156D-AEE7-4DAD-955E-82F9AA8BB861}.Release|x86.Build.0 = Release|Any CPU
		{84757D26-D8FC-4729-B515-1D47B7918AFE}.Debug|Any CPU.ActiveCfg = Debug|Any CPU
		{84757D26-D8FC-4729-B515-1D47B7918AFE}.Debug|Any CPU.Build.0 = Debug|Any CPU
		{84757D26-D8FC-4729-B515-1D47B7918AFE}.Debug|x64.ActiveCfg = Debug|Any CPU
		{84757D26-D8FC-4729-B515-1D47B7918AFE}.Debug|x64.Build.0 = Debug|Any CPU
		{84757D26-D8FC-4729-B515-1D47B7918AFE}.Debug|x86.ActiveCfg = Debug|Any CPU
		{84757D26-D8FC-4729-B515-1D47B7918AFE}.Debug|x86.Build.0 = Debug|Any CPU
		{84757D26-D8FC-4729-B515-1D47B7918AFE}.Release|Any CPU.ActiveCfg = Release|Any CPU
		{84757D26-D8FC-4729-B515-1D47B7918AFE}.Release|Any CPU.Build.0 = Release|Any CPU
		{84757D26-D8FC-4729-B515-1D47B7918AFE}.Release|x64.ActiveCfg = Release|Any CPU
		{84757D26-D8FC-4729-B515-1D47B7918AFE}.Release|x64.Build.0 = Release|Any CPU
		{84757D26-D8FC-4729-B515-1D47B7918AFE}.Release|x86.ActiveCfg = Release|Any CPU
		{84757D26-D8FC-4729-B515-1D47B7918AFE}.Release|x86.Build.0 = Release|Any CPU
		{49A4A7F2-8D51-4F05-8634-302CC6D3170A}.Debug|Any CPU.ActiveCfg = Debug|Any CPU
		{49A4A7F2-8D51-4F05-8634-302CC6D3170A}.Debug|Any CPU.Build.0 = Debug|Any CPU
		{49A4A7F2-8D51-4F05-8634-302CC6D3170A}.Debug|x64.ActiveCfg = Debug|Any CPU
		{49A4A7F2-8D51-4F05-8634-302CC6D3170A}.Debug|x64.Build.0 = Debug|Any CPU
		{49A4A7F2-8D51-4F05-8634-302CC6D3170A}.Debug|x86.ActiveCfg = Debug|Any CPU
		{49A4A7F2-8D51-4F05-8634-302CC6D3170A}.Debug|x86.Build.0 = Debug|Any CPU
		{49A4A7F2-8D51-4F05-8634-302CC6D3170A}.Release|Any CPU.ActiveCfg = Release|Any CPU
		{49A4A7F2-8D51-4F05-8634-302CC6D3170A}.Release|Any CPU.Build.0 = Release|Any CPU
		{49A4A7F2-8D51-4F05-8634-302CC6D3170A}.Release|x64.ActiveCfg = Release|Any CPU
		{49A4A7F2-8D51-4F05-8634-302CC6D3170A}.Release|x64.Build.0 = Release|Any CPU
		{49A4A7F2-8D51-4F05-8634-302CC6D3170A}.Release|x86.ActiveCfg = Release|Any CPU
		{49A4A7F2-8D51-4F05-8634-302CC6D3170A}.Release|x86.Build.0 = Release|Any CPU
		{6091A778-A5F2-4BBC-BE77-E67BB8EC5D05}.Debug|Any CPU.ActiveCfg = Debug|Any CPU
		{6091A778-A5F2-4BBC-BE77-E67BB8EC5D05}.Debug|Any CPU.Build.0 = Debug|Any CPU
		{6091A778-A5F2-4BBC-BE77-E67BB8EC5D05}.Debug|x64.ActiveCfg = Debug|Any CPU
		{6091A778-A5F2-4BBC-BE77-E67BB8EC5D05}.Debug|x64.Build.0 = Debug|Any CPU
		{6091A778-A5F2-4BBC-BE77-E67BB8EC5D05}.Debug|x86.ActiveCfg = Debug|Any CPU
		{6091A778-A5F2-4BBC-BE77-E67BB8EC5D05}.Debug|x86.Build.0 = Debug|Any CPU
		{6091A778-A5F2-4BBC-BE77-E67BB8EC5D05}.Release|Any CPU.ActiveCfg = Release|Any CPU
		{6091A778-A5F2-4BBC-BE77-E67BB8EC5D05}.Release|Any CPU.Build.0 = Release|Any CPU
		{6091A778-A5F2-4BBC-BE77-E67BB8EC5D05}.Release|x64.ActiveCfg = Release|Any CPU
		{6091A778-A5F2-4BBC-BE77-E67BB8EC5D05}.Release|x64.Build.0 = Release|Any CPU
		{6091A778-A5F2-4BBC-BE77-E67BB8EC5D05}.Release|x86.ActiveCfg = Release|Any CPU
		{6091A778-A5F2-4BBC-BE77-E67BB8EC5D05}.Release|x86.Build.0 = Release|Any CPU
		{6AAC2E59-42A9-4294-861D-00069CC3264E}.Debug|Any CPU.ActiveCfg = Debug|Any CPU
		{6AAC2E59-42A9-4294-861D-00069CC3264E}.Debug|Any CPU.Build.0 = Debug|Any CPU
		{6AAC2E59-42A9-4294-861D-00069CC3264E}.Debug|x64.ActiveCfg = Debug|Any CPU
		{6AAC2E59-42A9-4294-861D-00069CC3264E}.Debug|x64.Build.0 = Debug|Any CPU
		{6AAC2E59-42A9-4294-861D-00069CC3264E}.Debug|x86.ActiveCfg = Debug|Any CPU
		{6AAC2E59-42A9-4294-861D-00069CC3264E}.Debug|x86.Build.0 = Debug|Any CPU
		{6AAC2E59-42A9-4294-861D-00069CC3264E}.Release|Any CPU.ActiveCfg = Release|Any CPU
		{6AAC2E59-42A9-4294-861D-00069CC3264E}.Release|Any CPU.Build.0 = Release|Any CPU
		{6AAC2E59-42A9-4294-861D-00069CC3264E}.Release|x64.ActiveCfg = Release|Any CPU
		{6AAC2E59-42A9-4294-861D-00069CC3264E}.Release|x64.Build.0 = Release|Any CPU
		{6AAC2E59-42A9-4294-861D-00069CC3264E}.Release|x86.ActiveCfg = Release|Any CPU
		{6AAC2E59-42A9-4294-861D-00069CC3264E}.Release|x86.Build.0 = Release|Any CPU
		{33F4993A-895A-498B-9BF8-F572BB49807A}.Debug|Any CPU.ActiveCfg = Debug|Any CPU
		{33F4993A-895A-498B-9BF8-F572BB49807A}.Debug|Any CPU.Build.0 = Debug|Any CPU
		{33F4993A-895A-498B-9BF8-F572BB49807A}.Debug|x64.ActiveCfg = Debug|Any CPU
		{33F4993A-895A-498B-9BF8-F572BB49807A}.Debug|x64.Build.0 = Debug|Any CPU
		{33F4993A-895A-498B-9BF8-F572BB49807A}.Debug|x86.ActiveCfg = Debug|Any CPU
		{33F4993A-895A-498B-9BF8-F572BB49807A}.Debug|x86.Build.0 = Debug|Any CPU
		{33F4993A-895A-498B-9BF8-F572BB49807A}.Release|Any CPU.ActiveCfg = Release|Any CPU
		{33F4993A-895A-498B-9BF8-F572BB49807A}.Release|Any CPU.Build.0 = Release|Any CPU
		{33F4993A-895A-498B-9BF8-F572BB49807A}.Release|x64.ActiveCfg = Release|Any CPU
		{33F4993A-895A-498B-9BF8-F572BB49807A}.Release|x64.Build.0 = Release|Any CPU
		{33F4993A-895A-498B-9BF8-F572BB49807A}.Release|x86.ActiveCfg = Release|Any CPU
		{33F4993A-895A-498B-9BF8-F572BB49807A}.Release|x86.Build.0 = Release|Any CPU
	EndGlobalSection
	GlobalSection(SolutionProperties) = preSolution
		HideSolutionNode = FALSE
	EndGlobalSection
	GlobalSection(NestedProjects) = preSolution
		{84757D26-D8FC-4729-B515-1D47B7918AFE} = {37D3C9CE-B4C9-4792-9648-A8C816BAAB58}
		{49A4A7F2-8D51-4F05-8634-302CC6D3170A} = {37D3C9CE-B4C9-4792-9648-A8C816BAAB58}
		{6091A778-A5F2-4BBC-BE77-E67BB8EC5D05} = {37D3C9CE-B4C9-4792-9648-A8C816BAAB58}
		{6AAC2E59-42A9-4294-861D-00069CC3264E} = {37D3C9CE-B4C9-4792-9648-A8C816BAAB58}
		{33F4993A-895A-498B-9BF8-F572BB49807A} = {37D3C9CE-B4C9-4792-9648-A8C816BAAB58}
	EndGlobalSection
	GlobalSection(ExtensibilityGlobals) = postSolution
		SolutionGuid = {02325AF6-6A90-4EBE-AC91-8B72A72ECFEF}
	EndGlobalSection
EndGlobal
