
Microsoft Visual Studio Solution File, Format Version 12.00
# Visual Studio Version 16
VisualStudioVersion = 16.0.30717.126
MinimumVisualStudioVersion = 10.0.40219.1
Project("{9A19103F-16F7-4668-BE54-9A1E7A4F7556}") = "BlockBase.BBLinq", "BlockBase.BBLinq\BlockBase.BBLinq.csproj", "{CDAEB9FE-FEFF-417B-8A95-E0463B2A2B10}"
EndProject
Project("{9A19103F-16F7-4668-BE54-9A1E7A4F7556}") = "BlockBase.BBLinq.Tests", "BlockBase.BBLinq.Tests\BlockBase.BBLinq.Tests.csproj", "{F06F45CE-EFAA-4EE9-9D6B-6118721FFA31}"
EndProject
Global
	GlobalSection(SolutionConfigurationPlatforms) = preSolution
		Debug|Any CPU = Debug|Any CPU
		Release|Any CPU = Release|Any CPU
	EndGlobalSection
	GlobalSection(ProjectConfigurationPlatforms) = postSolution
		{CDAEB9FE-FEFF-417B-8A95-E0463B2A2B10}.Debug|Any CPU.ActiveCfg = Debug|Any CPU
		{CDAEB9FE-FEFF-417B-8A95-E0463B2A2B10}.Debug|Any CPU.Build.0 = Debug|Any CPU
		{CDAEB9FE-FEFF-417B-8A95-E0463B2A2B10}.Release|Any CPU.ActiveCfg = Release|Any CPU
		{CDAEB9FE-FEFF-417B-8A95-E0463B2A2B10}.Release|Any CPU.Build.0 = Release|Any CPU
		{F06F45CE-EFAA-4EE9-9D6B-6118721FFA31}.Debug|Any CPU.ActiveCfg = Debug|Any CPU
		{F06F45CE-EFAA-4EE9-9D6B-6118721FFA31}.Debug|Any CPU.Build.0 = Debug|Any CPU
		{F06F45CE-EFAA-4EE9-9D6B-6118721FFA31}.Release|Any CPU.ActiveCfg = Release|Any CPU
		{F06F45CE-EFAA-4EE9-9D6B-6118721FFA31}.Release|Any CPU.Build.0 = Release|Any CPU
	EndGlobalSection
	GlobalSection(SolutionProperties) = preSolution
		HideSolutionNode = FALSE
	EndGlobalSection
	GlobalSection(ExtensibilityGlobals) = postSolution
		SolutionGuid = {71B92C9F-269E-4BCA-BF9C-FD0CBD2C8B53}
	EndGlobalSection
EndGlobal
